Microsoft Visual Studio Solution File, Format Version 10.00
# Visual Studio 2008

Project("{5AF2904A-4C73-F4D6-9E3B-297462440C15}") = "StarWars", "Assembly-CSharp-vs.csproj", "{933B6061-A70F-63C7-FE12-C925891F8BC5}"
EndProject
Global
	GlobalSection(SolutionConfigurationPlatforms) = preSolution
		Debug|Any CPU = Debug|Any CPU
		Release|Any CPU = Release|Any CPU
	EndGlobalSection
	GlobalSection(ProjectConfigurationPlatforms) = postSolution
		{933B6061-A70F-63C7-FE12-C925891F8BC5}.Debug|Any CPU.ActiveCfg = Debug|Any CPU
		{933B6061-A70F-63C7-FE12-C925891F8BC5}.Debug|Any CPU.Build.0 = Debug|Any CPU
		{933B6061-A70F-63C7-FE12-C925891F8BC5}.Release|Any CPU.ActiveCfg = Release|Any CPU
		{933B6061-A70F-63C7-FE12-C925891F8BC5}.Release|Any CPU.Build.0 = Release|Any CPU
	EndGlobalSection
	GlobalSection(SolutionProperties) = preSolution
		HideSolutionNode = FALSE
	EndGlobalSection
	
EndGlobal
