Microsoft Visual Studio Solution File, Format Version 10.00
# Visual Studio 2008

Project("{601F95BD-1544-61FE-80EC-BE537795034D}") = "StarWarsPart 2-9-12", "Assembly-CSharp.csproj", "{496E37CB-D4F3-6EC2-5F6E-A920952F2616}"
EndProject
Global
	GlobalSection(SolutionConfigurationPlatforms) = preSolution
		Debug|Any CPU = Debug|Any CPU
		Release|Any CPU = Release|Any CPU
	EndGlobalSection
	GlobalSection(ProjectConfigurationPlatforms) = postSolution
		{496E37CB-D4F3-6EC2-5F6E-A920952F2616}.Debug|Any CPU.ActiveCfg = Debug|Any CPU
		{496E37CB-D4F3-6EC2-5F6E-A920952F2616}.Debug|Any CPU.Build.0 = Debug|Any CPU
		{496E37CB-D4F3-6EC2-5F6E-A920952F2616}.Release|Any CPU.ActiveCfg = Release|Any CPU
		{496E37CB-D4F3-6EC2-5F6E-A920952F2616}.Release|Any CPU.Build.0 = Release|Any CPU
	EndGlobalSection
	GlobalSection(SolutionProperties) = preSolution
		HideSolutionNode = FALSE
	EndGlobalSection
	
EndGlobal
